<?xml version="1.0" encoding="utf-8"?>
<Project ToolsVersion="4.0" xmlns="http://schemas.microsoft.com/developer/msbuild/2003">
  <ItemGroup>
    <Filter Include="Source Files">
      <UniqueIdentifier>{4FC737F1-C7A5-4376-A066-2A32D752A2FF}</UniqueIdentifier>
      <Extensions>cpp;c;cc;cxx;def;odl;idl;hpj;bat;asm;asmx</Extensions>
    </Filter>
    <Filter Include="Header Files">
      <UniqueIdentifier>{93995380-89BD-4b04-88EB-625FBE52EBFB}</UniqueIdentifier>
      <Extensions>h;hh;hpp;hxx;hm;inl;inc;xsd</Extensions>
    </Filter>
    <Filter Include="Resource Files">
      <UniqueIdentifier>{67DA6AB6-F800-4c08-8B7A-83BB121AAD01}</UniqueIdentifier>
      <Extensions>rc;ico;cur;bmp;dlg;rc2;rct;bin;rgs;gif;jpg;jpeg;jpe;resx;tiff;tif;png;wav;mfcribbon-ms</Extensions>
    </Filter>
    <Filter Include="Source Files\Testing">
      <UniqueIdentifier>{4a55eb35-b3e2-4f2a-b06a-c0c292dbf135}</UniqueIdentifier>
    </Filter>
    <Filter Include="Header Files\AST">
      <UniqueIdentifier>{3ba1ef54-88be-49b0-a01c-ba85ab0b943a}</UniqueIdentifier>
    </Filter>
    <Filter Include="Header Files\Error">
      <UniqueIdentifier>{a68fb8ff-4c9c-4faa-9a5c-d6246c998f9c}</UniqueIdentifier>
    </Filter>
    <Filter Include="Header Files\Lexer">
      <UniqueIdentifier>{8506c064-f97e-4fbd-aaf8-a799301470fc}</UniqueIdentifier>
    </Filter>
    <Filter Include="Header Files\Lexer\DataTypes">
      <UniqueIdentifier>{3824088f-2824-49a4-961c-d89f6d4bb114}</UniqueIdentifier>
    </Filter>
    <Filter Include="Source Files\AST">
      <UniqueIdentifier>{ad33eee8-5e6a-4af7-9598-06e53f63c08f}</UniqueIdentifier>
    </Filter>
    <Filter Include="Source Files\Error">
      <UniqueIdentifier>{443f4ee1-8d0b-498e-91fe-2f4e3150f166}</UniqueIdentifier>
    </Filter>
    <Filter Include="Source Files\Lexer">
      <UniqueIdentifier>{023d78f6-368f-4e52-80bd-a4ec955a0f2f}</UniqueIdentifier>
    </Filter>
    <Filter Include="Source Files\Lexer\DataTypes">
      <UniqueIdentifier>{774bc59d-fb76-412a-904c-e4c58ec3a65b}</UniqueIdentifier>
    </Filter>
  </ItemGroup>
  <ItemGroup>
    <ClCompile Include="Lexer.cpp">
      <Filter>Source Files</Filter>
    </ClCompile>
    <ClCompile Include="TestingTools.cpp">
      <Filter>Source Files\Testing</Filter>
    </ClCompile>
    <ClCompile Include="ASTTests.cpp">
      <Filter>Source Files</Filter>
    </ClCompile>
    <ClCompile Include="..\Compiler\TokenTypes.h">
      <Filter>Header Files\Lexer</Filter>
    </ClCompile>
    <ClCompile Include="..\Compiler\Addition.cpp">
      <Filter>Source Files\AST</Filter>
    </ClCompile>
    <ClCompile Include="..\Compiler\Assignment.cpp">
      <Filter>Source Files\AST</Filter>
    </ClCompile>
    <ClCompile Include="..\Compiler\Block.cpp">
      <Filter>Source Files\AST</Filter>
    </ClCompile>
    <ClCompile Include="..\Compiler\Class.cpp">
      <Filter>Source Files\AST</Filter>
    </ClCompile>
    <ClCompile Include="..\Compiler\FunctionCall.cpp">
      <Filter>Source Files\AST</Filter>
    </ClCompile>
    <ClCompile Include="..\Compiler\If.cpp">
      <Filter>Source Files\AST</Filter>
    </ClCompile>
    <ClCompile Include="..\Compiler\Symbol.cpp">
      <Filter>Source Files\AST</Filter>
    </ClCompile>
    <ClCompile Include="..\Compiler\Function.cpp">
      <Filter>Source Files\AST</Filter>
    </ClCompile>
    <ClCompile Include="..\Compiler\Node.cpp">
      <Filter>Source Files\AST</Filter>
    </ClCompile>
    <ClCompile Include="..\Compiler\RootNode.cpp">
      <Filter>Source Files\AST</Filter>
    </ClCompile>
    <ClCompile Include="..\Compiler\SymbolTable.cpp">
      <Filter>Source Files\AST</Filter>
    </ClCompile>
    <ClCompile Include="..\Compiler\Error.cpp">
      <Filter>Source Files\Error</Filter>
    </ClCompile>
    <ClCompile Include="..\Compiler\StringTagging.cpp">
      <Filter>Source Files\Lexer</Filter>
    </ClCompile>
    <ClCompile Include="..\Compiler\Token.cpp">
      <Filter>Source Files\Lexer</Filter>
    </ClCompile>
    <ClCompile Include="..\Compiler\TokenCollection.cpp">
      <Filter>Source Files\Lexer</Filter>
    </ClCompile>
    <ClCompile Include="..\Compiler\DataTypes\Char.cpp">
      <Filter>Source Files\Lexer\DataTypes</Filter>
    </ClCompile>
    <ClCompile Include="..\Compiler\DataTypes\IntLiteral.cpp">
      <Filter>Source Files\Lexer\DataTypes</Filter>
    </ClCompile>
    <ClCompile Include="..\Compiler\DataTypes\Void.cpp">
      <Filter>Source Files\Lexer\DataTypes</Filter>
    </ClCompile>
    <ClCompile Include="..\Compiler\Compiler.cpp">
      <Filter>Source Files</Filter>
    </ClCompile>
    <ClCompile Include="..\Compiler\FileHandling.cpp">
      <Filter>Source Files</Filter>
    </ClCompile>
    <ClCompile Include="..\Compiler\LexicalAnalyser.cpp">
      <Filter>Source Files</Filter>
    </ClCompile>
    <ClCompile Include="..\Compiler\Prescan.cpp">
      <Filter>Source Files</Filter>
    </ClCompile>
    <ClCompile Include="..\Compiler\Validator.cpp">
      <Filter>Source Files</Filter>
    </ClCompile>
  </ItemGroup>
  <ItemGroup>
    <ClInclude Include="TestingTools.h">
      <Filter>Header Files</Filter>
    </ClInclude>
    <ClInclude Include="..\Compiler\Addition.h">
      <Filter>Header Files\AST</Filter>
    </ClInclude>
    <ClInclude Include="..\Compiler\Assignment.h">
      <Filter>Header Files\AST</Filter>
    </ClInclude>
    <ClInclude Include="..\Compiler\Break.h">
      <Filter>Header Files\AST</Filter>
    </ClInclude>
    <ClInclude Include="..\Compiler\Continue.h">
      <Filter>Header Files\AST</Filter>
    </ClInclude>
    <ClInclude Include="..\Compiler\Declaration.h">
      <Filter>Header Files\AST</Filter>
    </ClInclude>
    <ClInclude Include="..\Compiler\Expr.h">
      <Filter>Header Files\AST</Filter>
    </ClInclude>
    <ClInclude Include="..\Compiler\For.h">
      <Filter>Header Files\AST</Filter>
    </ClInclude>
    <ClInclude Include="..\Compiler\FunctionCall.h">
      <Filter>Header Files\AST</Filter>
    </ClInclude>
    <ClInclude Include="..\Compiler\Identifier.h">
      <Filter>Header Files\AST</Filter>
    </ClInclude>
    <ClInclude Include="..\Compiler\If.h">
      <Filter>Header Files\AST</Filter>
    </ClInclude>
    <ClInclude Include="..\Compiler\NodeDetails.h">
      <Filter>Header Files\AST</Filter>
    </ClInclude>
    <ClInclude Include="..\Compiler\Symbol.h">
      <Filter>Header Files\AST</Filter>
    </ClInclude>
    <ClInclude Include="..\Compiler\Block.h">
      <Filter>Header Files\AST</Filter>
    </ClInclude>
    <ClInclude Include="..\Compiler\Class.h">
      <Filter>Header Files\AST</Filter>
    </ClInclude>
    <ClInclude Include="..\Compiler\Comparison.h">
      <Filter>Header Files\AST</Filter>
    </ClInclude>
    <ClInclude Include="..\Compiler\Function.h">
      <Filter>Header Files\AST</Filter>
    </ClInclude>
    <ClInclude Include="..\Compiler\Node.h">
      <Filter>Header Files\AST</Filter>
    </ClInclude>
    <ClInclude Include="..\Compiler\RootNode.h">
      <Filter>Header Files\AST</Filter>
    </ClInclude>
    <ClInclude Include="..\Compiler\While.h">
      <Filter>Header Files\AST</Filter>
    </ClInclude>
    <ClInclude Include="..\Compiler\SymbolTable.h">
      <Filter>Header Files\AST</Filter>
    </ClInclude>
    <ClInclude Include="..\Compiler\ErrorCodes.h">
      <Filter>Header Files\Error</Filter>
    </ClInclude>
    <ClInclude Include="..\Compiler\Error.h">
      <Filter>Header Files\Error</Filter>
    </ClInclude>
    <ClInclude Include="..\Compiler\StringTagging.h">
      <Filter>Header Files\Lexer</Filter>
    </ClInclude>
    <ClInclude Include="..\Compiler\Token.h">
      <Filter>Header Files\Lexer</Filter>
    </ClInclude>
    <ClInclude Include="..\Compiler\TokenCollection.h">
      <Filter>Header Files\Lexer</Filter>
    </ClInclude>
    <ClInclude Include="..\Compiler\DataTypes\IntLiteral.h">
      <Filter>Header Files\Lexer\DataTypes</Filter>
    </ClInclude>
    <ClInclude Include="..\Compiler\DataTypes\Int8.h">
      <Filter>Header Files\Lexer\DataTypes</Filter>
    </ClInclude>
    <ClInclude Include="..\Compiler\TypeParsing.h">
      <Filter>Header Files\Lexer\DataTypes</Filter>
    </ClInclude>
    <ClInclude Include="..\Compiler\DataTypes\Void.h">
      <Filter>Header Files\Lexer\DataTypes</Filter>
    </ClInclude>
    <ClInclude Include="..\Compiler\DataTypes\Char.h">
      <Filter>Header Files\Lexer\DataTypes</Filter>
    </ClInclude>
    <ClInclude Include="..\Compiler\DataTypes\Type.h">
      <Filter>Header Files\Lexer\DataTypes</Filter>
    </ClInclude>
    <ClInclude Include="..\Compiler\CodeGenerator.h">
      <Filter>Header Files</Filter>
    </ClInclude>
    <ClInclude Include="..\Compiler\Compiler.h">
      <Filter>Header Files</Filter>
    </ClInclude>
    <ClInclude Include="..\Compiler\FileHandling.h">
      <Filter>Header Files</Filter>
    </ClInclude>
    <ClInclude Include="..\Compiler\LexicalAnalyser.h">
      <Filter>Header Files</Filter>
    </ClInclude>
    <ClInclude Include="..\Compiler\Prescan.h">
      <Filter>Header Files</Filter>
    </ClInclude>
    <ClInclude Include="..\Compiler\Validator.h">
      <Filter>Header Files</Filter>
    </ClInclude>
  </ItemGroup>
</Project>