<?xml version="1.0" encoding="utf-8"?>
<Project ToolsVersion="4.0" xmlns="http://schemas.microsoft.com/developer/msbuild/2003">
  <ItemGroup>
    <Filter Include="Source Files">
      <UniqueIdentifier>{4FC737F1-C7A5-4376-A066-2A32D752A2FF}</UniqueIdentifier>
      <Extensions>cpp;c;cc;cxx;def;odl;idl;hpj;bat;asm;asmx</Extensions>
    </Filter>
    <Filter Include="Header Files">
      <UniqueIdentifier>{93995380-89BD-4b04-88EB-625FBE52EBFB}</UniqueIdentifier>
      <Extensions>h;hh;hpp;hxx;hm;inl;inc;xsd</Extensions>
    </Filter>
    <Filter Include="Resource Files">
      <UniqueIdentifier>{67DA6AB6-F800-4c08-8B7A-83BB121AAD01}</UniqueIdentifier>
      <Extensions>rc;ico;cur;bmp;dlg;rc2;rct;bin;rgs;gif;jpg;jpeg;jpe;resx;tiff;tif;png;wav;mfcribbon-ms</Extensions>
    </Filter>
    <Filter Include="Header Files\Error">
      <UniqueIdentifier>{ab60fe40-e5e4-4044-ba6d-1914c6c4b780}</UniqueIdentifier>
    </Filter>
    <Filter Include="Source Files\Error">
      <UniqueIdentifier>{e03533f2-433c-4748-955f-78ccb9d6f434}</UniqueIdentifier>
    </Filter>
    <Filter Include="Header Files\Lexer">
      <UniqueIdentifier>{180ab67f-68d3-444c-940a-10163c86e35e}</UniqueIdentifier>
    </Filter>
    <Filter Include="Source Files\Lexer">
      <UniqueIdentifier>{b9ca5833-440a-4454-893f-faee5b2c6e75}</UniqueIdentifier>
    </Filter>
    <Filter Include="Header Files\Lexer\DataTypes">
      <UniqueIdentifier>{d8885e53-2e29-4fd6-9e63-ab1f77a17640}</UniqueIdentifier>
    </Filter>
    <Filter Include="Source Files\Lexer\DataTypes">
      <UniqueIdentifier>{595c95e2-18e9-459b-8693-df948523cb72}</UniqueIdentifier>
    </Filter>
    <Filter Include="Source Files\AST">
      <UniqueIdentifier>{baa70c47-df28-426c-a22b-36fb4b1e07de}</UniqueIdentifier>
    </Filter>
    <Filter Include="Header Files\AST">
      <UniqueIdentifier>{22dec41a-e564-48fe-ac70-d9ed71a47fda}</UniqueIdentifier>
    </Filter>
  </ItemGroup>
  <ItemGroup>
    <ClCompile Include="main.cpp">
      <Filter>Source Files</Filter>
    </ClCompile>
    <ClCompile Include="Compiler.cpp">
      <Filter>Source Files</Filter>
    </ClCompile>
    <ClCompile Include="FileHandling.cpp">
      <Filter>Source Files</Filter>
    </ClCompile>
    <ClCompile Include="Error.cpp">
      <Filter>Source Files\Error</Filter>
    </ClCompile>
    <ClCompile Include="LexicalAnalyser.cpp">
      <Filter>Source Files</Filter>
    </ClCompile>
    <ClCompile Include="StringTagging.cpp">
      <Filter>Source Files\Lexer</Filter>
    </ClCompile>
    <ClCompile Include="TokenTypes.h">
      <Filter>Header Files\Lexer</Filter>
    </ClCompile>
    <ClCompile Include="Token.cpp">
      <Filter>Source Files\Lexer</Filter>
    </ClCompile>
    <ClCompile Include="TokenCollection.cpp">
      <Filter>Source Files\Lexer</Filter>
    </ClCompile>
    <ClCompile Include="DataTypes\Char.cpp">
      <Filter>Source Files\Lexer\DataTypes</Filter>
    </ClCompile>
    <ClCompile Include="Node.cpp">
      <Filter>Source Files\AST</Filter>
    </ClCompile>
    <ClCompile Include="RootNode.cpp">
      <Filter>Source Files\AST</Filter>
    </ClCompile>
    <ClCompile Include="Function.cpp">
      <Filter>Source Files\AST</Filter>
    </ClCompile>
    <ClCompile Include="SymbolTable.cpp">
      <Filter>Source Files\AST</Filter>
    </ClCompile>
    <ClCompile Include="Class.cpp">
      <Filter>Source Files\AST</Filter>
    </ClCompile>
    <ClCompile Include="Validator.cpp">
      <Filter>Source Files</Filter>
    </ClCompile>
    <ClCompile Include="Block.cpp">
      <Filter>Source Files\AST</Filter>
    </ClCompile>
    <ClCompile Include="DataTypes\Void.cpp">
      <Filter>Source Files\Lexer\DataTypes</Filter>
    </ClCompile>
    <ClCompile Include="Symbol.cpp">
      <Filter>Source Files\AST</Filter>
    </ClCompile>
    <ClCompile Include="If.cpp">
      <Filter>Source Files\AST</Filter>
    </ClCompile>
    <ClCompile Include="FunctionCall.cpp">
      <Filter>Source Files\AST</Filter>
    </ClCompile>
    <ClCompile Include="Prescan.cpp">
      <Filter>Source Files</Filter>
    </ClCompile>
  </ItemGroup>
  <ItemGroup>
    <ClInclude Include="Compiler.h">
      <Filter>Header Files</Filter>
    </ClInclude>
    <ClInclude Include="LexicalAnalyser.h">
      <Filter>Header Files</Filter>
    </ClInclude>
    <ClInclude Include="CodeGenerator.h">
      <Filter>Header Files</Filter>
    </ClInclude>
    <ClInclude Include="FileHandling.h">
      <Filter>Header Files</Filter>
    </ClInclude>
    <ClInclude Include="Error.h">
      <Filter>Header Files\Error</Filter>
    </ClInclude>
    <ClInclude Include="Token.h">
      <Filter>Header Files\Lexer</Filter>
    </ClInclude>
    <ClInclude Include="TokenCollection.h">
      <Filter>Header Files\Lexer</Filter>
    </ClInclude>
    <ClInclude Include="DataTypes\Type.h">
      <Filter>Header Files\Lexer\DataTypes</Filter>
    </ClInclude>
    <ClInclude Include="StringTagging.h">
      <Filter>Header Files\Lexer</Filter>
    </ClInclude>
    <ClInclude Include="DataTypes\Char.h">
      <Filter>Header Files\Lexer\DataTypes</Filter>
    </ClInclude>
    <ClInclude Include="Node.h">
      <Filter>Header Files\AST</Filter>
    </ClInclude>
    <ClInclude Include="Function.h">
      <Filter>Header Files\AST</Filter>
    </ClInclude>
    <ClInclude Include="RootNode.h">
      <Filter>Header Files\AST</Filter>
    </ClInclude>
    <ClInclude Include="Comparison.h">
      <Filter>Header Files\AST</Filter>
    </ClInclude>
    <ClInclude Include="ErrorCodes.h">
      <Filter>Header Files\Error</Filter>
    </ClInclude>
    <ClInclude Include="SymbolTable.h">
      <Filter>Header Files\AST</Filter>
    </ClInclude>
    <ClInclude Include="Class.h">
      <Filter>Header Files\AST</Filter>
    </ClInclude>
    <ClInclude Include="Validator.h">
      <Filter>Header Files</Filter>
    </ClInclude>
    <ClInclude Include="Block.h">
      <Filter>Header Files\AST</Filter>
    </ClInclude>
    <ClInclude Include="TypeParsing.h">
      <Filter>Header Files\Lexer\DataTypes</Filter>
    </ClInclude>
    <ClInclude Include="DataTypes\Void.h">
      <Filter>Header Files\Lexer\DataTypes</Filter>
    </ClInclude>
    <ClInclude Include="If.h">
      <Filter>Header Files\AST</Filter>
    </ClInclude>
    <ClInclude Include="Assignment.h">
      <Filter>Header Files\AST</Filter>
    </ClInclude>
    <ClInclude Include="Symbol.h">
      <Filter>Header Files\AST</Filter>
    </ClInclude>
    <ClInclude Include="Expr.h">
      <Filter>Header Files\AST</Filter>
    </ClInclude>
    <ClInclude Include="For.h">
      <Filter>Header Files\AST</Filter>
    </ClInclude>
    <ClInclude Include="While.h">
      <Filter>Header Files\AST</Filter>
    </ClInclude>
    <ClInclude Include="Break.h">
      <Filter>Header Files\AST</Filter>
    </ClInclude>
    <ClInclude Include="Continue.h">
      <Filter>Header Files\AST</Filter>
    </ClInclude>
    <ClInclude Include="FunctionCall.h">
      <Filter>Header Files\AST</Filter>
    </ClInclude>
    <ClInclude Include="Declaration.h">
      <Filter>Header Files\AST</Filter>
    </ClInclude>
    <ClInclude Include="Identifier.h">
      <Filter>Header Files\AST</Filter>
    </ClInclude>
    <ClInclude Include="DataTypes\Int8.h">
      <Filter>Header Files\Lexer\DataTypes</Filter>
    </ClInclude>
    <ClInclude Include="Prescan.h">
      <Filter>Header Files</Filter>
    </ClInclude>
    <ClInclude Include="NodeDetails.h">
      <Filter>Header Files\AST</Filter>
    </ClInclude>
  </ItemGroup>
</Project>